
Microsoft Visual Studio Solution File, Format Version 12.00
# Visual Studio Version 17
VisualStudioVersion = 17.9.34902.65
MinimumVisualStudioVersion = 10.0.40219.1
Project("{9A19103F-16F7-4668-BE54-9A1E7A4F7556}") = "Illus.Server", "Illus.Server\Illus.Server.csproj", "{C71115EB-098E-4D9A-9635-2CD20904261F}"
EndProject
Global
	GlobalSection(SolutionConfigurationPlatforms) = preSolution
		Debug|Any CPU = Debug|Any CPU
		Release|Any CPU = Release|Any CPU
	EndGlobalSection
	GlobalSection(ProjectConfigurationPlatforms) = postSolution
		{C71115EB-098E-4D9A-9635-2CD20904261F}.Debug|Any CPU.ActiveCfg = Debug|Any CPU
		{C71115EB-098E-4D9A-9635-2CD20904261F}.Debug|Any CPU.Build.0 = Debug|Any CPU
		{C71115EB-098E-4D9A-9635-2CD20904261F}.Release|Any CPU.ActiveCfg = Release|Any CPU
		{C71115EB-098E-4D9A-9635-2CD20904261F}.Release|Any CPU.Build.0 = Release|Any CPU
	EndGlobalSection
	GlobalSection(SolutionProperties) = preSolution
		HideSolutionNode = FALSE
	EndGlobalSection
	GlobalSection(ExtensibilityGlobals) = postSolution
		SolutionGuid = {D5ACC4F1-9C0D-4C16-9A18-5905D5F5B27A}
	EndGlobalSection
EndGlobal
